PODS:
  - Alamofire (5.2.2)
  - Moya/Core (14.0.0):
    - Alamofire (~> 5.0)
  - Moya/RxSwift (14.0.0):
    - Moya/Core
    - RxSwift (~> 5.0)
  - ObjectMapper (3.5.3)
  - Realm (5.4.7):
    - Realm/Headers (= 5.4.7)
  - Realm/Headers (5.4.7)
  - RealmSwift (5.4.7):
    - Realm (= 5.4.7)
  - RxSwift (5.1.1)
  - SDWebImage (5.9.2):
    - SDWebImage/Core (= 5.9.2)
  - SDWebImage/Core (5.9.2)
  - SideMenu (6.4.9)
  - SwiftLint (0.40.2)

DEPENDENCIES:
  - Moya/RxSwift
  - ObjectMapper (~> 3.5)
  - RealmSwift
  - SDWebImage (~> 5.0)
  - SideMenu
  - SwiftLint

SPEC REPOS:
  trunk:
    - Alamofire
    - Moya
    - ObjectMapper
    - Realm
    - RealmSwift
    - RxSwift
    - SDWebImage
    - SideMenu
    - SwiftLint

SPEC CHECKSUMS:
  Alamofire: 814429acc853c6c54ff123fc3d2ef66803823ce0
  Moya: 5b45dacb75adb009f97fde91c204c1e565d31916
  ObjectMapper: 97111c97e054a6ee25917662106689f0b4127b37
  Realm: 4bfc08e376b2e30c84ec3200ebe715574da05cc0
  RealmSwift: ed40f371b62e8677141939e05b44a0c1a0a2d965
  RxSwift: 81470a2074fa8780320ea5fe4102807cb7118178
  SDWebImage: 0b42b8719ab0c5257177d5894306e8a336b21cbb
  SideMenu: 8ef57a3cfc024a2d3fc1c036c7fe98537baec9e0
  SwiftLint: 1216c910d27c2633ade33b4f071bb6b930982e62

PODFILE CHECKSUM: 3793f941341e320cdcdeb612da08b985ddcc3a9b

COCOAPODS: 1.9.3
