// !$*UTF8*$!
{
	archiveVersion = 1;
	classes = {
	};
	objectVersion = 51;
	objects = {

/* Begin PBXBuildFile section */
		0924742367EEA5DE085F02D9 /* Pods_FinalProjectTests.framework in Frameworks */ = {isa = PBXBuildFile; fileRef = A9141D71461BAD6FBA92C021 /* Pods_FinalProjectTests.framework */; };
		0EBA37132511C6C2003465DD /* AppDelegate.swift in Sources */ = {isa = PBXBuildFile; fileRef = 0EBA37122511C6C2003465DD /* AppDelegate.swift */; };
		0EBA37152511C6C2003465DD /* SceneDelegate.swift in Sources */ = {isa = PBXBuildFile; fileRef = 0EBA37142511C6C2003465DD /* SceneDelegate.swift */; };
		0EBA372A2511C6C7003465DD /* FinalProjectTests.swift in Sources */ = {isa = PBXBuildFile; fileRef = 0EBA37292511C6C7003465DD /* FinalProjectTests.swift */; };
		0EBA37422511C97B003465DD /* Error.swift in Sources */ = {isa = PBXBuildFile; fileRef = 0EBA373D2511C97B003465DD /* Error.swift */; };
		0EBA37442511C97B003465DD /* NetworkManager.swift in Sources */ = {isa = PBXBuildFile; fileRef = 0EBA373F2511C97B003465DD /* NetworkManager.swift */; };
		0EBA37452511C97B003465DD /* Networkable.swift in Sources */ = {isa = PBXBuildFile; fileRef = 0EBA37402511C97B003465DD /* Networkable.swift */; };
		0EBA374B2511CA7A003465DD /* App.swift in Sources */ = {isa = PBXBuildFile; fileRef = 0EBA374A2511CA7A003465DD /* App.swift */; };
		513D17462531A92000156C1A /* Price.swift in Sources */ = {isa = PBXBuildFile; fileRef = 513D173F2531A91F00156C1A /* Price.swift */; };
		513D174A2531A92000156C1A /* Time.swift in Sources */ = {isa = PBXBuildFile; fileRef = 513D17432531A92000156C1A /* Time.swift */; };
		513D174B2531A92000156C1A /* Reserve.swift in Sources */ = {isa = PBXBuildFile; fileRef = 513D17442531A92000156C1A /* Reserve.swift */; };
		A60B0B08D1A3DB52D7F3C114 /* Pods_FinalProject.framework in Frameworks */ = {isa = PBXBuildFile; fileRef = D3E200185B9A7477CBBC2CA9 /* Pods_FinalProject.framework */; };
		B00B7D8C252AC5BA007BC7E0 /* FavouritesTableViewCell.swift in Sources */ = {isa = PBXBuildFile; fileRef = B00B7D8A252AC5BA007BC7E0 /* FavouritesTableViewCell.swift */; };
		B00B7D8D252AC5BA007BC7E0 /* FavouritesTableViewCell.xib in Resources */ = {isa = PBXBuildFile; fileRef = B00B7D8B252AC5BA007BC7E0 /* FavouritesTableViewCell.xib */; };
		B00B7D8F252ADD8A007BC7E0 /* FavouriteCellViewModel.swift in Sources */ = {isa = PBXBuildFile; fileRef = B00B7D8E252ADD8A007BC7E0 /* FavouriteCellViewModel.swift */; };
		B00B7D91252ADE07007BC7E0 /* FavouriteViewModel.swift in Sources */ = {isa = PBXBuildFile; fileRef = B00B7D90252ADE07007BC7E0 /* FavouriteViewModel.swift */; };
		B03DF9482535613000877640 /* ScheduleViewModel.swift in Sources */ = {isa = PBXBuildFile; fileRef = B03DF9472535613000877640 /* ScheduleViewModel.swift */; };
		B04CBDF0251C66020092D49F /* Customer.swift in Sources */ = {isa = PBXBuildFile; fileRef = B04CBDEF251C66020092D49F /* Customer.swift */; };
		B062BBFD252EA3650083BA0B /* MyPin.swift in Sources */ = {isa = PBXBuildFile; fileRef = B062BBFA252EA3640083BA0B /* MyPin.swift */; };
		B062BBFE252EA3650083BA0B /* MyPinView.swift in Sources */ = {isa = PBXBuildFile; fileRef = B062BBFB252EA3640083BA0B /* MyPinView.swift */; };
		B062BBFF252EA3650083BA0B /* LocationManager.swift in Sources */ = {isa = PBXBuildFile; fileRef = B062BBFC252EA3640083BA0B /* LocationManager.swift */; };
		B064EC0D2533E76800D98FCF /* Cancel.swift in Sources */ = {isa = PBXBuildFile; fileRef = B064EC0C2533E76800D98FCF /* Cancel.swift */; };
		B064EC132533E7A500D98FCF /* ScheduleCellModel.swift in Sources */ = {isa = PBXBuildFile; fileRef = B064EC102533E7A400D98FCF /* ScheduleCellModel.swift */; };
		B064EC142533E7A500D98FCF /* ScheduleCell.swift in Sources */ = {isa = PBXBuildFile; fileRef = B064EC112533E7A500D98FCF /* ScheduleCell.swift */; };
		B064EC152533E7A500D98FCF /* ScheduleCell.xib in Resources */ = {isa = PBXBuildFile; fileRef = B064EC122533E7A500D98FCF /* ScheduleCell.xib */; };
		B06B06E52526BB51002762B4 /* DetailViewModel.swift in Sources */ = {isa = PBXBuildFile; fileRef = B06B06E42526BB51002762B4 /* DetailViewModel.swift */; };
		B06B06E82526BB81002762B4 /* DetailCellHistoryTableViewCell.swift in Sources */ = {isa = PBXBuildFile; fileRef = B06B06E62526BB81002762B4 /* DetailCellHistoryTableViewCell.swift */; };
		B06B06E92526BB81002762B4 /* DetailCellHistoryTableViewCell.xib in Resources */ = {isa = PBXBuildFile; fileRef = B06B06E72526BB81002762B4 /* DetailCellHistoryTableViewCell.xib */; };
		B06B06EC2526BB8E002762B4 /* DetailCellInforTableViewCell.xib in Resources */ = {isa = PBXBuildFile; fileRef = B06B06EA2526BB8E002762B4 /* DetailCellInforTableViewCell.xib */; };
		B06B06ED2526BB8E002762B4 /* DetailCellInforTableViewCell.swift in Sources */ = {isa = PBXBuildFile; fileRef = B06B06EB2526BB8E002762B4 /* DetailCellInforTableViewCell.swift */; };
		B06B06F12526BB98002762B4 /* DetailBodyCellViewModel.swift in Sources */ = {isa = PBXBuildFile; fileRef = B06B06EE2526BB98002762B4 /* DetailBodyCellViewModel.swift */; };
		B06B06F22526BB98002762B4 /* DetailBodyTableViewCell.xib in Resources */ = {isa = PBXBuildFile; fileRef = B06B06EF2526BB98002762B4 /* DetailBodyTableViewCell.xib */; };
		B06B06F32526BB98002762B4 /* DetailBodyTableViewCell.swift in Sources */ = {isa = PBXBuildFile; fileRef = B06B06F02526BB98002762B4 /* DetailBodyTableViewCell.swift */; };
		B06B06F52526BBA4002762B4 /* DetailHeaderCellViewModel.swift in Sources */ = {isa = PBXBuildFile; fileRef = B06B06F42526BBA4002762B4 /* DetailHeaderCellViewModel.swift */; };
		B06B06F72526CE29002762B4 /* DetailInforCellViewModel.swift in Sources */ = {isa = PBXBuildFile; fileRef = B06B06F62526CE29002762B4 /* DetailInforCellViewModel.swift */; };
		B06B06F92526DAC3002762B4 /* DetailHistoryViewModel.swift in Sources */ = {isa = PBXBuildFile; fileRef = B06B06F82526DAC3002762B4 /* DetailHistoryViewModel.swift */; };
		B06B766E252F217B00D6F5D2 /* BookingPitch.swift in Sources */ = {isa = PBXBuildFile; fileRef = B06B766D252F217B00D6F5D2 /* BookingPitch.swift */; };
		B080EBD8251AF82300C6EFDB /* Utilities.swift in Sources */ = {isa = PBXBuildFile; fileRef = B080EBD7251AF82300C6EFDB /* Utilities.swift */; };
		B0A4A4192513560300E39134 /* GoogleService-Info.plist in Resources */ = {isa = PBXBuildFile; fileRef = B0A4A4182513560300E39134 /* GoogleService-Info.plist */; };
		B0A4A41A2513560300E39134 /* GoogleService-Info.plist in Resources */ = {isa = PBXBuildFile; fileRef = B0A4A4182513560300E39134 /* GoogleService-Info.plist */; };
		B0C3AF672512059B00959BDD /* LoginViewController.swift in Sources */ = {isa = PBXBuildFile; fileRef = B0C3AF652512059B00959BDD /* LoginViewController.swift */; };
		B0C3AF682512059B00959BDD /* LoginViewController.xib in Resources */ = {isa = PBXBuildFile; fileRef = B0C3AF662512059B00959BDD /* LoginViewController.xib */; };
		B0C3AF6A2512148300959BDD /* LoginViewModel.swift in Sources */ = {isa = PBXBuildFile; fileRef = B0C3AF692512148300959BDD /* LoginViewModel.swift */; };
		B0C53864252AA99C00D707EE /* ScheduleViewController.swift in Sources */ = {isa = PBXBuildFile; fileRef = B0C53862252AA99C00D707EE /* ScheduleViewController.swift */; };
		B0C53865252AA99C00D707EE /* ScheduleViewController.xib in Resources */ = {isa = PBXBuildFile; fileRef = B0C53863252AA99C00D707EE /* ScheduleViewController.xib */; };
		B0C53868252AA9AC00D707EE /* FavouriteViewController.swift in Sources */ = {isa = PBXBuildFile; fileRef = B0C53866252AA9A800D707EE /* FavouriteViewController.swift */; };
		B0C53869252AA9AC00D707EE /* FavouriteViewController.xib in Resources */ = {isa = PBXBuildFile; fileRef = B0C53867252AA9A800D707EE /* FavouriteViewController.xib */; };
		B0C5386B252AA9B600D707EE /* TabbarController.swift in Sources */ = {isa = PBXBuildFile; fileRef = B0C5386A252AA9B600D707EE /* TabbarController.swift */; };
		B0DD24A8252B0CEC00F02015 /* ListPitchViewController.swift in Sources */ = {isa = PBXBuildFile; fileRef = B0DD24A6252B0CEC00F02015 /* ListPitchViewController.swift */; };
		B0DD24A9252B0CEC00F02015 /* ListPitchViewController.xib in Resources */ = {isa = PBXBuildFile; fileRef = B0DD24A7252B0CEC00F02015 /* ListPitchViewController.xib */; };
		B0F8377F25245ED7008F08C3 /* Assets.xcassets in Resources */ = {isa = PBXBuildFile; fileRef = B0F8377E25245ED7008F08C3 /* Assets.xcassets */; };
		B0F8378825245F36008F08C3 /* ListPitchTableViewCell.swift in Sources */ = {isa = PBXBuildFile; fileRef = B0F8378225245F36008F08C3 /* ListPitchTableViewCell.swift */; };
		B0F8378925245F36008F08C3 /* ListPitchTableViewCell.xib in Resources */ = {isa = PBXBuildFile; fileRef = B0F8378325245F36008F08C3 /* ListPitchTableViewCell.xib */; };
		B0F8378A25245F36008F08C3 /* ListPitchCellViewModel.swift in Sources */ = {isa = PBXBuildFile; fileRef = B0F8378425245F36008F08C3 /* ListPitchCellViewModel.swift */; };
		B0F8378C25245F36008F08C3 /* ListPitchViewModel.swift in Sources */ = {isa = PBXBuildFile; fileRef = B0F8378625245F36008F08C3 /* ListPitchViewModel.swift */; };
		B0F8379125245F5D008F08C3 /* Owner.swift in Sources */ = {isa = PBXBuildFile; fileRef = B0F8378E25245F5C008F08C3 /* Owner.swift */; };
		B0F8379225245F5D008F08C3 /* Pitch.swift in Sources */ = {isa = PBXBuildFile; fileRef = B0F8378F25245F5C008F08C3 /* Pitch.swift */; };
		B0F8379325245F5D008F08C3 /* PitchType.swift in Sources */ = {isa = PBXBuildFile; fileRef = B0F8379025245F5D008F08C3 /* PitchType.swift */; };
		B0F8379525245FA6008F08C3 /* APIError.swift in Sources */ = {isa = PBXBuildFile; fileRef = B0F8379425245FA6008F08C3 /* APIError.swift */; };
		B0F8379725246016008F08C3 /* ServiceAPI.swift in Sources */ = {isa = PBXBuildFile; fileRef = B0F8379625246016008F08C3 /* ServiceAPI.swift */; };
		B0F8379E252461CF008F08C3 /* UIButtonExt.swift in Sources */ = {isa = PBXBuildFile; fileRef = B0F83799252461CF008F08C3 /* UIButtonExt.swift */; };
		B0F837A1252461CF008F08C3 /* UITextFieldExt.swift in Sources */ = {isa = PBXBuildFile; fileRef = B0F8379C252461CF008F08C3 /* UITextFieldExt.swift */; };
		B0F837A825256A07008F08C3 /* UIVIewControllerExt.swift in Sources */ = {isa = PBXBuildFile; fileRef = B0F837A725256A06008F08C3 /* UIVIewControllerExt.swift */; };
		B0F837AA252570C3008F08C3 /* DateExt.swift in Sources */ = {isa = PBXBuildFile; fileRef = B0F837A9252570C3008F08C3 /* DateExt.swift */; };
		B0F837BE2525DECD008F08C3 /* UIDatePicker.swift in Sources */ = {isa = PBXBuildFile; fileRef = B0F837BD2525DECD008F08C3 /* UIDatePicker.swift */; };
		B0F837C22525E179008F08C3 /* DetailHeaderTableViewCell.swift in Sources */ = {isa = PBXBuildFile; fileRef = B0F837C02525E179008F08C3 /* DetailHeaderTableViewCell.swift */; };
		B0F837C32525E179008F08C3 /* DetailHeaderTableViewCell.xib in Resources */ = {isa = PBXBuildFile; fileRef = B0F837C12525E179008F08C3 /* DetailHeaderTableViewCell.xib */; };
		B0F837C72525E494008F08C3 /* DetailViewController.swift in Sources */ = {isa = PBXBuildFile; fileRef = B0F837C52525E494008F08C3 /* DetailViewController.swift */; };
		B0F837C82525E494008F08C3 /* DetailViewController.xib in Resources */ = {isa = PBXBuildFile; fileRef = B0F837C62525E494008F08C3 /* DetailViewController.xib */; };
		B0FFBAEF2535A33900E89E05 /* CustomHeader.xib in Resources */ = {isa = PBXBuildFile; fileRef = B0FFBAEE2535A33900E89E05 /* CustomHeader.xib */; };
		B0FFBAF12535A49400E89E05 /* CustomHeader.swift in Sources */ = {isa = PBXBuildFile; fileRef = B0FFBAF02535A49400E89E05 /* CustomHeader.swift */; };
		B0FFBAF32535A69E00E89E05 /* CustomHeaderViewModel.swift in Sources */ = {isa = PBXBuildFile; fileRef = B0FFBAF22535A69E00E89E05 /* CustomHeaderViewModel.swift */; };
/* End PBXBuildFile section */

/* Begin PBXContainerItemProxy section */
		0EBA37262511C6C7003465DD /* PBXContainerItemProxy */ = {
			isa = PBXContainerItemProxy;
			containerPortal = 0EBA37072511C6C2003465DD /* Project object */;
			proxyType = 1;
			remoteGlobalIDString = 0EBA370E2511C6C2003465DD;
			remoteInfo = FinalProject;
		};
/* End PBXContainerItemProxy section */

/* Begin PBXFileReference section */
		0EBA370F2511C6C2003465DD /* FinalProject.app */ = {isa = PBXFileReference; explicitFileType = wrapper.application; includeInIndex = 0; path = FinalProject.app; sourceTree = BUILT_PRODUCTS_DIR; };
		0EBA37122511C6C2003465DD /* AppDelegate.swift */ = {isa = PBXFileReference; lastKnownFileType = sourcecode.swift; path = AppDelegate.swift; sourceTree = "<group>"; };
		0EBA37142511C6C2003465DD /* SceneDelegate.swift */ = {isa = PBXFileReference; lastKnownFileType = sourcecode.swift; path = SceneDelegate.swift; sourceTree = "<group>"; };
		0EBA37202511C6C7003465DD /* Info.plist */ = {isa = PBXFileReference; lastKnownFileType = text.plist.xml; path = Info.plist; sourceTree = "<group>"; };
		0EBA37252511C6C7003465DD /* FinalProjectTests.xctest */ = {isa = PBXFileReference; explicitFileType = wrapper.cfbundle; includeInIndex = 0; path = FinalProjectTests.xctest; sourceTree = BUILT_PRODUCTS_DIR; };
		0EBA37292511C6C7003465DD /* FinalProjectTests.swift */ = {isa = PBXFileReference; lastKnownFileType = sourcecode.swift; path = FinalProjectTests.swift; sourceTree = "<group>"; };
		0EBA372B2511C6C7003465DD /* Info.plist */ = {isa = PBXFileReference; lastKnownFileType = text.plist.xml; path = Info.plist; sourceTree = "<group>"; };
		0EBA373D2511C97B003465DD /* Error.swift */ = {isa = PBXFileReference; fileEncoding = 4; lastKnownFileType = sourcecode.swift; path = Error.swift; sourceTree = "<group>"; };
		0EBA373F2511C97B003465DD /* NetworkManager.swift */ = {isa = PBXFileReference; fileEncoding = 4; lastKnownFileType = sourcecode.swift; path = NetworkManager.swift; sourceTree = "<group>"; };
		0EBA37402511C97B003465DD /* Networkable.swift */ = {isa = PBXFileReference; fileEncoding = 4; lastKnownFileType = sourcecode.swift; path = Networkable.swift; sourceTree = "<group>"; };
		0EBA374A2511CA7A003465DD /* App.swift */ = {isa = PBXFileReference; fileEncoding = 4; lastKnownFileType = sourcecode.swift; path = App.swift; sourceTree = "<group>"; };
		190CCEB5FF1CB2E699E553AC /* Pods-FinalProjectTests.release.xcconfig */ = {isa = PBXFileReference; includeInIndex = 1; lastKnownFileType = text.xcconfig; name = "Pods-FinalProjectTests.release.xcconfig"; path = "Target Support Files/Pods-FinalProjectTests/Pods-FinalProjectTests.release.xcconfig"; sourceTree = "<group>"; };
		391A5D39A43E14B65F958E48 /* Pods-FinalProject.release.xcconfig */ = {isa = PBXFileReference; includeInIndex = 1; lastKnownFileType = text.xcconfig; name = "Pods-FinalProject.release.xcconfig"; path = "Target Support Files/Pods-FinalProject/Pods-FinalProject.release.xcconfig"; sourceTree = "<group>"; };
		513D173F2531A91F00156C1A /* Price.swift */ = {isa = PBXFileReference; fileEncoding = 4; lastKnownFileType = sourcecode.swift; path = Price.swift; sourceTree = "<group>"; };
		513D17432531A92000156C1A /* Time.swift */ = {isa = PBXFileReference; fileEncoding = 4; lastKnownFileType = sourcecode.swift; path = Time.swift; sourceTree = "<group>"; };
		513D17442531A92000156C1A /* Reserve.swift */ = {isa = PBXFileReference; fileEncoding = 4; lastKnownFileType = sourcecode.swift; path = Reserve.swift; sourceTree = "<group>"; };
		A9141D71461BAD6FBA92C021 /* Pods_FinalProjectTests.framework */ = {isa = PBXFileReference; explicitFileType = wrapper.framework; includeInIndex = 0; path = Pods_FinalProjectTests.framework; sourceTree = BUILT_PRODUCTS_DIR; };
		B00B7D8A252AC5BA007BC7E0 /* FavouritesTableViewCell.swift */ = {isa = PBXFileReference; lastKnownFileType = sourcecode.swift; path = FavouritesTableViewCell.swift; sourceTree = "<group>"; };
		B00B7D8B252AC5BA007BC7E0 /* FavouritesTableViewCell.xib */ = {isa = PBXFileReference; lastKnownFileType = file.xib; path = FavouritesTableViewCell.xib; sourceTree = "<group>"; };
		B00B7D8E252ADD8A007BC7E0 /* FavouriteCellViewModel.swift */ = {isa = PBXFileReference; lastKnownFileType = sourcecode.swift; path = FavouriteCellViewModel.swift; sourceTree = "<group>"; };
		B00B7D90252ADE07007BC7E0 /* FavouriteViewModel.swift */ = {isa = PBXFileReference; lastKnownFileType = sourcecode.swift; path = FavouriteViewModel.swift; sourceTree = "<group>"; };
		B03DF9472535613000877640 /* ScheduleViewModel.swift */ = {isa = PBXFileReference; fileEncoding = 4; lastKnownFileType = sourcecode.swift; path = ScheduleViewModel.swift; sourceTree = "<group>"; };
		B04CBDEF251C66020092D49F /* Customer.swift */ = {isa = PBXFileReference; lastKnownFileType = sourcecode.swift; path = Customer.swift; sourceTree = "<group>"; };
		B062BBFA252EA3640083BA0B /* MyPin.swift */ = {isa = PBXFileReference; fileEncoding = 4; lastKnownFileType = sourcecode.swift; path = MyPin.swift; sourceTree = "<group>"; };
		B062BBFB252EA3640083BA0B /* MyPinView.swift */ = {isa = PBXFileReference; fileEncoding = 4; lastKnownFileType = sourcecode.swift; path = MyPinView.swift; sourceTree = "<group>"; };
		B062BBFC252EA3640083BA0B /* LocationManager.swift */ = {isa = PBXFileReference; fileEncoding = 4; lastKnownFileType = sourcecode.swift; path = LocationManager.swift; sourceTree = "<group>"; };
		B064EC0C2533E76800D98FCF /* Cancel.swift */ = {isa = PBXFileReference; fileEncoding = 4; lastKnownFileType = sourcecode.swift; path = Cancel.swift; sourceTree = "<group>"; };
		B064EC102533E7A400D98FCF /* ScheduleCellModel.swift */ = {isa = PBXFileReference; fileEncoding = 4; lastKnownFileType = sourcecode.swift; path = ScheduleCellModel.swift; sourceTree = "<group>"; };
		B064EC112533E7A500D98FCF /* ScheduleCell.swift */ = {isa = PBXFileReference; fileEncoding = 4; lastKnownFileType = sourcecode.swift; path = ScheduleCell.swift; sourceTree = "<group>"; };
		B064EC122533E7A500D98FCF /* ScheduleCell.xib */ = {isa = PBXFileReference; fileEncoding = 4; lastKnownFileType = file.xib; path = ScheduleCell.xib; sourceTree = "<group>"; };
		B06B06E42526BB51002762B4 /* DetailViewModel.swift */ = {isa = PBXFileReference; fileEncoding = 4; lastKnownFileType = sourcecode.swift; path = DetailViewModel.swift; sourceTree = "<group>"; };
		B06B06E62526BB81002762B4 /* DetailCellHistoryTableViewCell.swift */ = {isa = PBXFileReference; fileEncoding = 4; lastKnownFileType = sourcecode.swift; path = DetailCellHistoryTableViewCell.swift; sourceTree = "<group>"; };
		B06B06E72526BB81002762B4 /* DetailCellHistoryTableViewCell.xib */ = {isa = PBXFileReference; fileEncoding = 4; lastKnownFileType = file.xib; path = DetailCellHistoryTableViewCell.xib; sourceTree = "<group>"; };
		B06B06EA2526BB8E002762B4 /* DetailCellInforTableViewCell.xib */ = {isa = PBXFileReference; fileEncoding = 4; lastKnownFileType = file.xib; path = DetailCellInforTableViewCell.xib; sourceTree = "<group>"; };
		B06B06EB2526BB8E002762B4 /* DetailCellInforTableViewCell.swift */ = {isa = PBXFileReference; fileEncoding = 4; lastKnownFileType = sourcecode.swift; path = DetailCellInforTableViewCell.swift; sourceTree = "<group>"; };
		B06B06EE2526BB98002762B4 /* DetailBodyCellViewModel.swift */ = {isa = PBXFileReference; fileEncoding = 4; lastKnownFileType = sourcecode.swift; path = DetailBodyCellViewModel.swift; sourceTree = "<group>"; };
		B06B06EF2526BB98002762B4 /* DetailBodyTableViewCell.xib */ = {isa = PBXFileReference; fileEncoding = 4; lastKnownFileType = file.xib; path = DetailBodyTableViewCell.xib; sourceTree = "<group>"; };
		B06B06F02526BB98002762B4 /* DetailBodyTableViewCell.swift */ = {isa = PBXFileReference; fileEncoding = 4; lastKnownFileType = sourcecode.swift; path = DetailBodyTableViewCell.swift; sourceTree = "<group>"; };
		B06B06F42526BBA4002762B4 /* DetailHeaderCellViewModel.swift */ = {isa = PBXFileReference; fileEncoding = 4; lastKnownFileType = sourcecode.swift; path = DetailHeaderCellViewModel.swift; sourceTree = "<group>"; };
		B06B06F62526CE29002762B4 /* DetailInforCellViewModel.swift */ = {isa = PBXFileReference; lastKnownFileType = sourcecode.swift; path = DetailInforCellViewModel.swift; sourceTree = "<group>"; };
		B06B06F82526DAC3002762B4 /* DetailHistoryViewModel.swift */ = {isa = PBXFileReference; lastKnownFileType = sourcecode.swift; path = DetailHistoryViewModel.swift; sourceTree = "<group>"; };
		B06B766D252F217B00D6F5D2 /* BookingPitch.swift */ = {isa = PBXFileReference; lastKnownFileType = sourcecode.swift; path = BookingPitch.swift; sourceTree = "<group>"; };
		B080EBD7251AF82300C6EFDB /* Utilities.swift */ = {isa = PBXFileReference; lastKnownFileType = sourcecode.swift; path = Utilities.swift; sourceTree = "<group>"; };
		B0A4A4182513560300E39134 /* GoogleService-Info.plist */ = {isa = PBXFileReference; fileEncoding = 4; lastKnownFileType = text.plist.xml; path = "GoogleService-Info.plist"; sourceTree = "<group>"; };
		B0C3AF652512059B00959BDD /* LoginViewController.swift */ = {isa = PBXFileReference; lastKnownFileType = sourcecode.swift; path = LoginViewController.swift; sourceTree = "<group>"; };
		B0C3AF662512059B00959BDD /* LoginViewController.xib */ = {isa = PBXFileReference; lastKnownFileType = file.xib; path = LoginViewController.xib; sourceTree = "<group>"; };
		B0C3AF692512148300959BDD /* LoginViewModel.swift */ = {isa = PBXFileReference; lastKnownFileType = sourcecode.swift; path = LoginViewModel.swift; sourceTree = "<group>"; };
		B0C53862252AA99C00D707EE /* ScheduleViewController.swift */ = {isa = PBXFileReference; fileEncoding = 4; lastKnownFileType = sourcecode.swift; path = ScheduleViewController.swift; sourceTree = "<group>"; };
		B0C53863252AA99C00D707EE /* ScheduleViewController.xib */ = {isa = PBXFileReference; fileEncoding = 4; lastKnownFileType = file.xib; path = ScheduleViewController.xib; sourceTree = "<group>"; };
		B0C53866252AA9A800D707EE /* FavouriteViewController.swift */ = {isa = PBXFileReference; fileEncoding = 4; lastKnownFileType = sourcecode.swift; path = FavouriteViewController.swift; sourceTree = "<group>"; };
		B0C53867252AA9A800D707EE /* FavouriteViewController.xib */ = {isa = PBXFileReference; fileEncoding = 4; lastKnownFileType = file.xib; path = FavouriteViewController.xib; sourceTree = "<group>"; };
		B0C5386A252AA9B600D707EE /* TabbarController.swift */ = {isa = PBXFileReference; fileEncoding = 4; lastKnownFileType = sourcecode.swift; path = TabbarController.swift; sourceTree = "<group>"; };
		B0DD24A6252B0CEC00F02015 /* ListPitchViewController.swift */ = {isa = PBXFileReference; lastKnownFileType = sourcecode.swift; path = ListPitchViewController.swift; sourceTree = "<group>"; };
		B0DD24A7252B0CEC00F02015 /* ListPitchViewController.xib */ = {isa = PBXFileReference; lastKnownFileType = file.xib; path = ListPitchViewController.xib; sourceTree = "<group>"; };
		B0F8377E25245ED7008F08C3 /* Assets.xcassets */ = {isa = PBXFileReference; lastKnownFileType = folder.assetcatalog; path = Assets.xcassets; sourceTree = "<group>"; };
		B0F8378225245F36008F08C3 /* ListPitchTableViewCell.swift */ = {isa = PBXFileReference; fileEncoding = 4; lastKnownFileType = sourcecode.swift; path = ListPitchTableViewCell.swift; sourceTree = "<group>"; };
		B0F8378325245F36008F08C3 /* ListPitchTableViewCell.xib */ = {isa = PBXFileReference; fileEncoding = 4; lastKnownFileType = file.xib; path = ListPitchTableViewCell.xib; sourceTree = "<group>"; };
		B0F8378425245F36008F08C3 /* ListPitchCellViewModel.swift */ = {isa = PBXFileReference; fileEncoding = 4; lastKnownFileType = sourcecode.swift; path = ListPitchCellViewModel.swift; sourceTree = "<group>"; };
		B0F8378625245F36008F08C3 /* ListPitchViewModel.swift */ = {isa = PBXFileReference; fileEncoding = 4; lastKnownFileType = sourcecode.swift; path = ListPitchViewModel.swift; sourceTree = "<group>"; };
		B0F8378E25245F5C008F08C3 /* Owner.swift */ = {isa = PBXFileReference; fileEncoding = 4; lastKnownFileType = sourcecode.swift; path = Owner.swift; sourceTree = "<group>"; };
		B0F8378F25245F5C008F08C3 /* Pitch.swift */ = {isa = PBXFileReference; fileEncoding = 4; lastKnownFileType = sourcecode.swift; path = Pitch.swift; sourceTree = "<group>"; };
		B0F8379025245F5D008F08C3 /* PitchType.swift */ = {isa = PBXFileReference; fileEncoding = 4; lastKnownFileType = sourcecode.swift; path = PitchType.swift; sourceTree = "<group>"; };
		B0F8379425245FA6008F08C3 /* APIError.swift */ = {isa = PBXFileReference; fileEncoding = 4; lastKnownFileType = sourcecode.swift; path = APIError.swift; sourceTree = "<group>"; };
		B0F8379625246016008F08C3 /* ServiceAPI.swift */ = {isa = PBXFileReference; lastKnownFileType = sourcecode.swift; path = ServiceAPI.swift; sourceTree = "<group>"; };
		B0F83799252461CF008F08C3 /* UIButtonExt.swift */ = {isa = PBXFileReference; fileEncoding = 4; lastKnownFileType = sourcecode.swift; path = UIButtonExt.swift; sourceTree = "<group>"; };
		B0F8379C252461CF008F08C3 /* UITextFieldExt.swift */ = {isa = PBXFileReference; fileEncoding = 4; lastKnownFileType = sourcecode.swift; path = UITextFieldExt.swift; sourceTree = "<group>"; };
		B0F837A725256A06008F08C3 /* UIVIewControllerExt.swift */ = {isa = PBXFileReference; fileEncoding = 4; lastKnownFileType = sourcecode.swift; path = UIVIewControllerExt.swift; sourceTree = "<group>"; };
		B0F837A9252570C3008F08C3 /* DateExt.swift */ = {isa = PBXFileReference; lastKnownFileType = sourcecode.swift; path = DateExt.swift; sourceTree = "<group>"; };
		B0F837BD2525DECD008F08C3 /* UIDatePicker.swift */ = {isa = PBXFileReference; lastKnownFileType = sourcecode.swift; path = UIDatePicker.swift; sourceTree = "<group>"; };
		B0F837C02525E179008F08C3 /* DetailHeaderTableViewCell.swift */ = {isa = PBXFileReference; lastKnownFileType = sourcecode.swift; path = DetailHeaderTableViewCell.swift; sourceTree = "<group>"; };
		B0F837C12525E179008F08C3 /* DetailHeaderTableViewCell.xib */ = {isa = PBXFileReference; lastKnownFileType = file.xib; path = DetailHeaderTableViewCell.xib; sourceTree = "<group>"; };
		B0F837C52525E494008F08C3 /* DetailViewController.swift */ = {isa = PBXFileReference; lastKnownFileType = sourcecode.swift; path = DetailViewController.swift; sourceTree = "<group>"; };
		B0F837C62525E494008F08C3 /* DetailViewController.xib */ = {isa = PBXFileReference; lastKnownFileType = file.xib; path = DetailViewController.xib; sourceTree = "<group>"; };
		B0FFBAEE2535A33900E89E05 /* CustomHeader.xib */ = {isa = PBXFileReference; lastKnownFileType = file.xib; path = CustomHeader.xib; sourceTree = "<group>"; };
		B0FFBAF02535A49400E89E05 /* CustomHeader.swift */ = {isa = PBXFileReference; lastKnownFileType = sourcecode.swift; path = CustomHeader.swift; sourceTree = "<group>"; };
		B0FFBAF22535A69E00E89E05 /* CustomHeaderViewModel.swift */ = {isa = PBXFileReference; lastKnownFileType = sourcecode.swift; path = CustomHeaderViewModel.swift; sourceTree = "<group>"; };
		C61BA4D4E75E02FEDB8CFD8C /* Pods-FinalProject.debug.xcconfig */ = {isa = PBXFileReference; includeInIndex = 1; lastKnownFileType = text.xcconfig; name = "Pods-FinalProject.debug.xcconfig"; path = "Target Support Files/Pods-FinalProject/Pods-FinalProject.debug.xcconfig"; sourceTree = "<group>"; };
		D3E200185B9A7477CBBC2CA9 /* Pods_FinalProject.framework */ = {isa = PBXFileReference; explicitFileType = wrapper.framework; includeInIndex = 0; path = Pods_FinalProject.framework; sourceTree = BUILT_PRODUCTS_DIR; };
		DC6FCCB45635B0CBA560C1F7 /* Pods-FinalProjectTests.debug.xcconfig */ = {isa = PBXFileReference; includeInIndex = 1; lastKnownFileType = text.xcconfig; name = "Pods-FinalProjectTests.debug.xcconfig"; path = "Target Support Files/Pods-FinalProjectTests/Pods-FinalProjectTests.debug.xcconfig"; sourceTree = "<group>"; };
/* End PBXFileReference section */

/* Begin PBXFrameworksBuildPhase section */
		0EBA370C2511C6C2003465DD /* Frameworks */ = {
			isa = PBXFrameworksBuildPhase;
			buildActionMask = 2147483647;
			files = (
				A60B0B08D1A3DB52D7F3C114 /* Pods_FinalProject.framework in Frameworks */,
			);
			runOnlyForDeploymentPostprocessing = 0;
		};
		0EBA37222511C6C7003465DD /* Frameworks */ = {
			isa = PBXFrameworksBuildPhase;
			buildActionMask = 2147483647;
			files = (
				0924742367EEA5DE085F02D9 /* Pods_FinalProjectTests.framework in Frameworks */,
			);
			runOnlyForDeploymentPostprocessing = 0;
		};
/* End PBXFrameworksBuildPhase section */

/* Begin PBXGroup section */
		014E60D67FB04A97129ABC2F /* Frameworks */ = {
			isa = PBXGroup;
			children = (
				D3E200185B9A7477CBBC2CA9 /* Pods_FinalProject.framework */,
				A9141D71461BAD6FBA92C021 /* Pods_FinalProjectTests.framework */,
			);
			name = Frameworks;
			sourceTree = "<group>";
		};
		0EBA37062511C6C2003465DD = {
			isa = PBXGroup;
			children = (
				0EBA37112511C6C2003465DD /* FinalProject */,
				0EBA37282511C6C7003465DD /* FinalProjectTests */,
				0EBA37102511C6C2003465DD /* Products */,
				D2E67B09594A769705B6FA29 /* Pods */,
				014E60D67FB04A97129ABC2F /* Frameworks */,
			);
			sourceTree = "<group>";
		};
		0EBA37102511C6C2003465DD /* Products */ = {
			isa = PBXGroup;
			children = (
				0EBA370F2511C6C2003465DD /* FinalProject.app */,
				0EBA37252511C6C7003465DD /* FinalProjectTests.xctest */,
			);
			name = Products;
			sourceTree = "<group>";
		};
		0EBA37112511C6C2003465DD /* FinalProject */ = {
			isa = PBXGroup;
			children = (
				0EBA373C2511C97B003465DD /* API */,
				0EBA37352511C880003465DD /* Define */,
				0EBA37362511C887003465DD /* Library */,
				B03FF5E82518B3910065C493 /* Manager */,
				0EBA37382511C8A8003465DD /* Model */,
				0EBA37342511C86A003465DD /* Module */,
				0EBA37392511C8AF003465DD /* Resource */,
				0EBA373A2511C8B7003465DD /* Root */,
				0EBA373B2511C8BC003465DD /* Supports */,
			);
			path = FinalProject;
			sourceTree = "<group>";
		};
		0EBA37282511C6C7003465DD /* FinalProjectTests */ = {
			isa = PBXGroup;
			children = (
				0EBA37292511C6C7003465DD /* FinalProjectTests.swift */,
				B0A4A4182513560300E39134 /* GoogleService-Info.plist */,
				0EBA372B2511C6C7003465DD /* Info.plist */,
			);
			path = FinalProjectTests;
			sourceTree = "<group>";
		};
		0EBA37342511C86A003465DD /* Module */ = {
			isa = PBXGroup;
			children = (
				515C465025289026003CCCEB /* 0.Tabbar */,
				B0C3AF642512058700959BDD /* 1. Login */,
				B0F8378025245F36008F08C3 /* 2. ListPitch */,
				B0F837BF2525E108008F08C3 /* 3. Detail */,
				51B896562528D10F0077EC8C /* 4.Favourites */,
				51B8965B2528D5CC0077EC8C /* 5.Schedule */,
			);
			path = Module;
			sourceTree = "<group>";
		};
		0EBA37352511C880003465DD /* Define */ = {
			isa = PBXGroup;
			children = (
				0EBA374A2511CA7A003465DD /* App.swift */,
			);
			path = Define;
			sourceTree = "<group>";
		};
		0EBA37362511C887003465DD /* Library */ = {
			isa = PBXGroup;
			children = (
				B03FF5E72518B3770065C493 /* Components */,
				0EBA37372511C890003465DD /* Ext */,
			);
			path = Library;
			sourceTree = "<group>";
		};
		0EBA37372511C890003465DD /* Ext */ = {
			isa = PBXGroup;
			children = (
				B0F837A725256A06008F08C3 /* UIVIewControllerExt.swift */,
				B0F83799252461CF008F08C3 /* UIButtonExt.swift */,
				B0F8379C252461CF008F08C3 /* UITextFieldExt.swift */,
				B080EBD7251AF82300C6EFDB /* Utilities.swift */,
				B0F837BD2525DECD008F08C3 /* UIDatePicker.swift */,
				B0F837A9252570C3008F08C3 /* DateExt.swift */,
			);
			path = Ext;
			sourceTree = "<group>";
		};
		0EBA37382511C8A8003465DD /* Model */ = {
			isa = PBXGroup;
			children = (
				513D173E2531A90400156C1A /* ModelResever */,
				51E7FFE2252DF0AB007F03E8 /* Map */,
				B04CBDEE251C65F00092D49F /* ObjectMapper */,
			);
			path = Model;
			sourceTree = "<group>";
		};
		0EBA37392511C8AF003465DD /* Resource */ = {
			isa = PBXGroup;
			children = (
				B0F8377E25245ED7008F08C3 /* Assets.xcassets */,
			);
			path = Resource;
			sourceTree = "<group>";
		};
		0EBA373A2511C8B7003465DD /* Root */ = {
			isa = PBXGroup;
			children = (
				0EBA37122511C6C2003465DD /* AppDelegate.swift */,
				0EBA37142511C6C2003465DD /* SceneDelegate.swift */,
			);
			path = Root;
			sourceTree = "<group>";
		};
		0EBA373B2511C8BC003465DD /* Supports */ = {
			isa = PBXGroup;
			children = (
				0EBA37202511C6C7003465DD /* Info.plist */,
			);
			path = Supports;
			sourceTree = "<group>";
		};
		0EBA373C2511C97B003465DD /* API */ = {
			isa = PBXGroup;
			children = (
				B0F8379425245FA6008F08C3 /* APIError.swift */,
				0EBA373D2511C97B003465DD /* Error.swift */,
				0EBA373F2511C97B003465DD /* NetworkManager.swift */,
				0EBA37402511C97B003465DD /* Networkable.swift */,
				B0F8379625246016008F08C3 /* ServiceAPI.swift */,
			);
			path = API;
			sourceTree = "<group>";
		};
		513D173E2531A90400156C1A /* ModelResever */ = {
			isa = PBXGroup;
			children = (
				B064EC0C2533E76800D98FCF /* Cancel.swift */,
				513D17442531A92000156C1A /* Reserve.swift */,
				513D173F2531A91F00156C1A /* Price.swift */,
				513D17432531A92000156C1A /* Time.swift */,
			);
			path = ModelResever;
			sourceTree = "<group>";
		};
		514BF5BA252603B0001C3610 /* 3.2 DetailCellBody */ = {
			isa = PBXGroup;
			children = (
				B06B06EE2526BB98002762B4 /* DetailBodyCellViewModel.swift */,
				B06B06F02526BB98002762B4 /* DetailBodyTableViewCell.swift */,
				B06B06EF2526BB98002762B4 /* DetailBodyTableViewCell.xib */,
			);
			path = "3.2 DetailCellBody";
			sourceTree = "<group>";
		};
		514BF5C725261AD1001C3610 /* 3.3 DetailCellInfor */ = {
			isa = PBXGroup;
			children = (
				B06B06EB2526BB8E002762B4 /* DetailCellInforTableViewCell.swift */,
				B06B06EA2526BB8E002762B4 /* DetailCellInforTableViewCell.xib */,
				B06B06F62526CE29002762B4 /* DetailInforCellViewModel.swift */,
			);
			path = "3.3 DetailCellInfor";
			sourceTree = "<group>";
		};
		514BF5CC25261E94001C3610 /* 3.4 DetailCellHistory */ = {
			isa = PBXGroup;
			children = (
				B06B06E62526BB81002762B4 /* DetailCellHistoryTableViewCell.swift */,
				B06B06E72526BB81002762B4 /* DetailCellHistoryTableViewCell.xib */,
				B06B06F82526DAC3002762B4 /* DetailHistoryViewModel.swift */,
			);
			path = "3.4 DetailCellHistory";
			sourceTree = "<group>";
		};
		515C465025289026003CCCEB /* 0.Tabbar */ = {
			isa = PBXGroup;
			children = (
				B0C5386A252AA9B600D707EE /* TabbarController.swift */,
			);
			path = 0.Tabbar;
			sourceTree = "<group>";
		};
		51A73303253343AC00BBE5B4 /* 5.1 Cell */ = {
			isa = PBXGroup;
			children = (
				B064EC112533E7A500D98FCF /* ScheduleCell.swift */,
				B064EC122533E7A500D98FCF /* ScheduleCell.xib */,
				B064EC102533E7A400D98FCF /* ScheduleCellModel.swift */,
			);
			path = "5.1 Cell";
			sourceTree = "<group>";
		};
		51B896562528D10F0077EC8C /* 4.Favourites */ = {
			isa = PBXGroup;
			children = (
				B00B7D89252AC58D007BC7E0 /* 4.1 Cell */,
				B0C53866252AA9A800D707EE /* FavouriteViewController.swift */,
				B0C53867252AA9A800D707EE /* FavouriteViewController.xib */,
				B00B7D90252ADE07007BC7E0 /* FavouriteViewModel.swift */,
			);
			path = 4.Favourites;
			sourceTree = "<group>";
		};
		51B8965B2528D5CC0077EC8C /* 5.Schedule */ = {
			isa = PBXGroup;
			children = (
				51A73303253343AC00BBE5B4 /* 5.1 Cell */,
				B03DF9472535613000877640 /* ScheduleViewModel.swift */,
				B0C53862252AA99C00D707EE /* ScheduleViewController.swift */,
				B0C53863252AA99C00D707EE /* ScheduleViewController.xib */,
			);
			path = 5.Schedule;
			sourceTree = "<group>";
		};
		51E7FFE2252DF0AB007F03E8 /* Map */ = {
			isa = PBXGroup;
			children = (
				B062BBFC252EA3640083BA0B /* LocationManager.swift */,
				B062BBFA252EA3640083BA0B /* MyPin.swift */,
				B062BBFB252EA3640083BA0B /* MyPinView.swift */,
			);
			path = Map;
			sourceTree = "<group>";
		};
		B00B7D89252AC58D007BC7E0 /* 4.1 Cell */ = {
			isa = PBXGroup;
			children = (
				B00B7D8B252AC5BA007BC7E0 /* FavouritesTableViewCell.xib */,
				B00B7D8A252AC5BA007BC7E0 /* FavouritesTableViewCell.swift */,
				B00B7D8E252ADD8A007BC7E0 /* FavouriteCellViewModel.swift */,
			);
			path = "4.1 Cell";
			sourceTree = "<group>";
		};
		B03FF5E72518B3770065C493 /* Components */ = {
			isa = PBXGroup;
			children = (
			);
			path = Components;
			sourceTree = "<group>";
		};
		B03FF5E82518B3910065C493 /* Manager */ = {
			isa = PBXGroup;
			children = (
			);
			path = Manager;
			sourceTree = "<group>";
		};
		B04CBDEE251C65F00092D49F /* ObjectMapper */ = {
			isa = PBXGroup;
			children = (
				B0F8378E25245F5C008F08C3 /* Owner.swift */,
				B0F8378F25245F5C008F08C3 /* Pitch.swift */,
				B0F8379025245F5D008F08C3 /* PitchType.swift */,
				B04CBDEF251C66020092D49F /* Customer.swift */,
				B06B766D252F217B00D6F5D2 /* BookingPitch.swift */,
			);
			path = ObjectMapper;
			sourceTree = "<group>";
		};
		B0C3AF642512058700959BDD /* 1. Login */ = {
			isa = PBXGroup;
			children = (
				B0C3AF652512059B00959BDD /* LoginViewController.swift */,
				B0C3AF662512059B00959BDD /* LoginViewController.xib */,
				B0C3AF692512148300959BDD /* LoginViewModel.swift */,
			);
			path = "1. Login";
			sourceTree = "<group>";
		};
		B0F8378025245F36008F08C3 /* 2. ListPitch */ = {
			isa = PBXGroup;
			children = (
				B0F8378125245F36008F08C3 /* 2.1. Cell */,
				B0DD24A6252B0CEC00F02015 /* ListPitchViewController.swift */,
				B0F8378625245F36008F08C3 /* ListPitchViewModel.swift */,
				B0DD24A7252B0CEC00F02015 /* ListPitchViewController.xib */,
			);
			path = "2. ListPitch";
			sourceTree = "<group>";
		};
		B0F8378125245F36008F08C3 /* 2.1. Cell */ = {
			isa = PBXGroup;
			children = (
				B0F8378225245F36008F08C3 /* ListPitchTableViewCell.swift */,
				B0F8378325245F36008F08C3 /* ListPitchTableViewCell.xib */,
				B0F8378425245F36008F08C3 /* ListPitchCellViewModel.swift */,
			);
			path = "2.1. Cell";
			sourceTree = "<group>";
		};
		B0F837BF2525E108008F08C3 /* 3. Detail */ = {
			isa = PBXGroup;
			children = (
				B0FFBAED2535963100E89E05 /* 3.5 CellHeaderCustome */,
				514BF5CC25261E94001C3610 /* 3.4 DetailCellHistory */,
				514BF5C725261AD1001C3610 /* 3.3 DetailCellInfor */,
				514BF5BA252603B0001C3610 /* 3.2 DetailCellBody */,
				B0F837C42525E478008F08C3 /* 3.1 DetailCellHeader */,
				B0F837C52525E494008F08C3 /* DetailViewController.swift */,
				B06B06E42526BB51002762B4 /* DetailViewModel.swift */,
				B0F837C62525E494008F08C3 /* DetailViewController.xib */,
			);
			path = "3. Detail";
			sourceTree = "<group>";
		};
		B0F837C42525E478008F08C3 /* 3.1 DetailCellHeader */ = {
			isa = PBXGroup;
			children = (
				B06B06F42526BBA4002762B4 /* DetailHeaderCellViewModel.swift */,
				B0F837C02525E179008F08C3 /* DetailHeaderTableViewCell.swift */,
				B0F837C12525E179008F08C3 /* DetailHeaderTableViewCell.xib */,
			);
			path = "3.1 DetailCellHeader";
			sourceTree = "<group>";
		};
		B0FFBAED2535963100E89E05 /* 3.5 CellHeaderCustome */ = {
			isa = PBXGroup;
			children = (
				B0FFBAEE2535A33900E89E05 /* CustomHeader.xib */,
				B0FFBAF02535A49400E89E05 /* CustomHeader.swift */,
				B0FFBAF22535A69E00E89E05 /* CustomHeaderViewModel.swift */,
			);
			path = "3.5 CellHeaderCustome";
			sourceTree = "<group>";
		};
		D2E67B09594A769705B6FA29 /* Pods */ = {
			isa = PBXGroup;
			children = (
				C61BA4D4E75E02FEDB8CFD8C /* Pods-FinalProject.debug.xcconfig */,
				391A5D39A43E14B65F958E48 /* Pods-FinalProject.release.xcconfig */,
				DC6FCCB45635B0CBA560C1F7 /* Pods-FinalProjectTests.debug.xcconfig */,
				190CCEB5FF1CB2E699E553AC /* Pods-FinalProjectTests.release.xcconfig */,
			);
			path = Pods;
			sourceTree = "<group>";
		};
/* End PBXGroup section */

/* Begin PBXNativeTarget section */
		0EBA370E2511C6C2003465DD /* FinalProject */ = {
			isa = PBXNativeTarget;
			buildConfigurationList = 0EBA372E2511C6C7003465DD /* Build configuration list for PBXNativeTarget "FinalProject" */;
			buildPhases = (
				818C9381C9AFBFF3B0846DBF /* [CP] Check Pods Manifest.lock */,
				0EBA374E2511CBD0003465DD /* SwiftLint */,
				0EBA370B2511C6C2003465DD /* Sources */,
				0EBA370C2511C6C2003465DD /* Frameworks */,
				0EBA370D2511C6C2003465DD /* Resources */,
				5CD738133CF601C5510441D9 /* [CP] Embed Pods Frameworks */,
			);
			buildRules = (
			);
			dependencies = (
			);
			name = FinalProject;
			productName = FinalProject;
			productReference = 0EBA370F2511C6C2003465DD /* FinalProject.app */;
			productType = "com.apple.product-type.application";
		};
		0EBA37242511C6C7003465DD /* FinalProjectTests */ = {
			isa = PBXNativeTarget;
			buildConfigurationList = 0EBA37312511C6C7003465DD /* Build configuration list for PBXNativeTarget "FinalProjectTests" */;
			buildPhases = (
				22947A3E74D02F201FDFE3B7 /* [CP] Check Pods Manifest.lock */,
				0EBA37212511C6C7003465DD /* Sources */,
				0EBA37222511C6C7003465DD /* Frameworks */,
				0EBA37232511C6C7003465DD /* Resources */,
			);
			buildRules = (
			);
			dependencies = (
				0EBA37272511C6C7003465DD /* PBXTargetDependency */,
			);
			name = FinalProjectTests;
			productName = FinalProjectTests;
			productReference = 0EBA37252511C6C7003465DD /* FinalProjectTests.xctest */;
			productType = "com.apple.product-type.bundle.unit-test";
		};
/* End PBXNativeTarget section */

/* Begin PBXProject section */
		0EBA37072511C6C2003465DD /* Project object */ = {
			isa = PBXProject;
			attributes = {
				LastSwiftUpdateCheck = 1160;
				LastUpgradeCheck = 1160;
				ORGANIZATIONNAME = "Asian Tech Co., Ltd";
				TargetAttributes = {
					0EBA370E2511C6C2003465DD = {
						CreatedOnToolsVersion = 11.6;
					};
					0EBA37242511C6C7003465DD = {
						CreatedOnToolsVersion = 11.6;
						TestTargetID = 0EBA370E2511C6C2003465DD;
					};
				};
			};
			buildConfigurationList = 0EBA370A2511C6C2003465DD /* Build configuration list for PBXProject "FinalProject" */;
			compatibilityVersion = "Xcode 9.3";
			developmentRegion = en;
			hasScannedForEncodings = 0;
			knownRegions = (
				en,
				Base,
			);
			mainGroup = 0EBA37062511C6C2003465DD;
			productRefGroup = 0EBA37102511C6C2003465DD /* Products */;
			projectDirPath = "";
			projectRoot = "";
			targets = (
				0EBA370E2511C6C2003465DD /* FinalProject */,
				0EBA37242511C6C7003465DD /* FinalProjectTests */,
			);
		};
/* End PBXProject section */

/* Begin PBXResourcesBuildPhase section */
		0EBA370D2511C6C2003465DD /* Resources */ = {
			isa = PBXResourcesBuildPhase;
			buildActionMask = 2147483647;
			files = (
				B06B06F22526BB98002762B4 /* DetailBodyTableViewCell.xib in Resources */,
				B0C53865252AA99C00D707EE /* ScheduleViewController.xib in Resources */,
				B0FFBAEF2535A33900E89E05 /* CustomHeader.xib in Resources */,
				B0C3AF682512059B00959BDD /* LoginViewController.xib in Resources */,
				B0F837C82525E494008F08C3 /* DetailViewController.xib in Resources */,
				B06B06EC2526BB8E002762B4 /* DetailCellInforTableViewCell.xib in Resources */,
				B0F837C32525E179008F08C3 /* DetailHeaderTableViewCell.xib in Resources */,
				B0DD24A9252B0CEC00F02015 /* ListPitchViewController.xib in Resources */,
				B0A4A4192513560300E39134 /* GoogleService-Info.plist in Resources */,
				B00B7D8D252AC5BA007BC7E0 /* FavouritesTableViewCell.xib in Resources */,
				B0C53869252AA9AC00D707EE /* FavouriteViewController.xib in Resources */,
				B0F8377F25245ED7008F08C3 /* Assets.xcassets in Resources */,
				B0F8378925245F36008F08C3 /* ListPitchTableViewCell.xib in Resources */,
				B06B06E92526BB81002762B4 /* DetailCellHistoryTableViewCell.xib in Resources */,
				B064EC152533E7A500D98FCF /* ScheduleCell.xib in Resources */,
			);
			runOnlyForDeploymentPostprocessing = 0;
		};
		0EBA37232511C6C7003465DD /* Resources */ = {
			isa = PBXResourcesBuildPhase;
			buildActionMask = 2147483647;
			files = (
				B0A4A41A2513560300E39134 /* GoogleService-Info.plist in Resources */,
			);
			runOnlyForDeploymentPostprocessing = 0;
		};
/* End PBXResourcesBuildPhase section */

/* Begin PBXShellScriptBuildPhase section */
		0EBA374E2511CBD0003465DD /* SwiftLint */ = {
			isa = PBXShellScriptBuildPhase;
			buildActionMask = 2147483647;
			files = (
			);
			inputFileListPaths = (
			);
			inputPaths = (
			);
			name = SwiftLint;
			outputFileListPaths = (
			);
			outputPaths = (
			);
			runOnlyForDeploymentPostprocessing = 0;
			shellPath = /bin/sh;
			shellScript = "\"${PODS_ROOT}/SwiftLint/swiftlint\"\n";
		};
		22947A3E74D02F201FDFE3B7 /* [CP] Check Pods Manifest.lock */ = {
			isa = PBXShellScriptBuildPhase;
			buildActionMask = 2147483647;
			files = (
			);
			inputFileListPaths = (
			);
			inputPaths = (
				"${PODS_PODFILE_DIR_PATH}/Podfile.lock",
				"${PODS_ROOT}/Manifest.lock",
			);
			name = "[CP] Check Pods Manifest.lock";
			outputFileListPaths = (
			);
			outputPaths = (
				"$(DERIVED_FILE_DIR)/Pods-FinalProjectTests-checkManifestLockResult.txt",
			);
			runOnlyForDeploymentPostprocessing = 0;
			shellPath = /bin/sh;
			shellScript = "diff \"${PODS_PODFILE_DIR_PATH}/Podfile.lock\" \"${PODS_ROOT}/Manifest.lock\" > /dev/null\nif [ $? != 0 ] ; then\n    # print error to STDERR\n    echo \"error: The sandbox is not in sync with the Podfile.lock. Run 'pod install' or update your CocoaPods installation.\" >&2\n    exit 1\nfi\n# This output is used by Xcode 'outputs' to avoid re-running this script phase.\necho \"SUCCESS\" > \"${SCRIPT_OUTPUT_FILE_0}\"\n";
			showEnvVarsInLog = 0;
		};
		5CD738133CF601C5510441D9 /* [CP] Embed Pods Frameworks */ = {
			isa = PBXShellScriptBuildPhase;
			buildActionMask = 2147483647;
			files = (
			);
			inputFileListPaths = (
				"${PODS_ROOT}/Target Support Files/Pods-FinalProject/Pods-FinalProject-frameworks-${CONFIGURATION}-input-files.xcfilelist",
			);
			name = "[CP] Embed Pods Frameworks";
			outputFileListPaths = (
				"${PODS_ROOT}/Target Support Files/Pods-FinalProject/Pods-FinalProject-frameworks-${CONFIGURATION}-output-files.xcfilelist",
			);
			runOnlyForDeploymentPostprocessing = 0;
			shellPath = /bin/sh;
			shellScript = "\"${PODS_ROOT}/Target Support Files/Pods-FinalProject/Pods-FinalProject-frameworks.sh\"\n";
			showEnvVarsInLog = 0;
		};
		818C9381C9AFBFF3B0846DBF /* [CP] Check Pods Manifest.lock */ = {
			isa = PBXShellScriptBuildPhase;
			buildActionMask = 2147483647;
			files = (
			);
			inputFileListPaths = (
			);
			inputPaths = (
				"${PODS_PODFILE_DIR_PATH}/Podfile.lock",
				"${PODS_ROOT}/Manifest.lock",
			);
			name = "[CP] Check Pods Manifest.lock";
			outputFileListPaths = (
			);
			outputPaths = (
				"$(DERIVED_FILE_DIR)/Pods-FinalProject-checkManifestLockResult.txt",
			);
			runOnlyForDeploymentPostprocessing = 0;
			shellPath = /bin/sh;
			shellScript = "diff \"${PODS_PODFILE_DIR_PATH}/Podfile.lock\" \"${PODS_ROOT}/Manifest.lock\" > /dev/null\nif [ $? != 0 ] ; then\n    # print error to STDERR\n    echo \"error: The sandbox is not in sync with the Podfile.lock. Run 'pod install' or update your CocoaPods installation.\" >&2\n    exit 1\nfi\n# This output is used by Xcode 'outputs' to avoid re-running this script phase.\necho \"SUCCESS\" > \"${SCRIPT_OUTPUT_FILE_0}\"\n";
			showEnvVarsInLog = 0;
		};
/* End PBXShellScriptBuildPhase section */

/* Begin PBXSourcesBuildPhase section */
		0EBA370B2511C6C2003465DD /* Sources */ = {
			isa = PBXSourcesBuildPhase;
			buildActionMask = 2147483647;
			files = (
				B062BBFF252EA3650083BA0B /* LocationManager.swift in Sources */,
				B064EC0D2533E76800D98FCF /* Cancel.swift in Sources */,
				B0F837A825256A07008F08C3 /* UIVIewControllerExt.swift in Sources */,
				0EBA37442511C97B003465DD /* NetworkManager.swift in Sources */,
				B06B06F52526BBA4002762B4 /* DetailHeaderCellViewModel.swift in Sources */,
				0EBA37422511C97B003465DD /* Error.swift in Sources */,
				B0F8378825245F36008F08C3 /* ListPitchTableViewCell.swift in Sources */,
				B064EC142533E7A500D98FCF /* ScheduleCell.swift in Sources */,
				B06B06F12526BB98002762B4 /* DetailBodyCellViewModel.swift in Sources */,
				B080EBD8251AF82300C6EFDB /* Utilities.swift in Sources */,
				B0F837C22525E179008F08C3 /* DetailHeaderTableViewCell.swift in Sources */,
				B0F8379725246016008F08C3 /* ServiceAPI.swift in Sources */,
				0EBA374B2511CA7A003465DD /* App.swift in Sources */,
				B0C53864252AA99C00D707EE /* ScheduleViewController.swift in Sources */,
				0EBA37452511C97B003465DD /* Networkable.swift in Sources */,
				B0C3AF6A2512148300959BDD /* LoginViewModel.swift in Sources */,
				B0F8378A25245F36008F08C3 /* ListPitchCellViewModel.swift in Sources */,
				B0C53868252AA9AC00D707EE /* FavouriteViewController.swift in Sources */,
				B0F8379E252461CF008F08C3 /* UIButtonExt.swift in Sources */,
				B0F837C72525E494008F08C3 /* DetailViewController.swift in Sources */,
				B062BBFD252EA3650083BA0B /* MyPin.swift in Sources */,
				0EBA37132511C6C2003465DD /* AppDelegate.swift in Sources */,
				B0F8379225245F5D008F08C3 /* Pitch.swift in Sources */,
				513D174A2531A92000156C1A /* Time.swift in Sources */,
				B0F8379125245F5D008F08C3 /* Owner.swift in Sources */,
				B0FFBAF12535A49400E89E05 /* CustomHeader.swift in Sources */,
				B0F8378C25245F36008F08C3 /* ListPitchViewModel.swift in Sources */,
				513D17462531A92000156C1A /* Price.swift in Sources */,
				B0F8379325245F5D008F08C3 /* PitchType.swift in Sources */,
				B06B06ED2526BB8E002762B4 /* DetailCellInforTableViewCell.swift in Sources */,
				B00B7D8F252ADD8A007BC7E0 /* FavouriteCellViewModel.swift in Sources */,
				0EBA37152511C6C2003465DD /* SceneDelegate.swift in Sources */,
				513D174B2531A92000156C1A /* Reserve.swift in Sources */,
				B062BBFE252EA3650083BA0B /* MyPinView.swift in Sources */,
				B03DF9482535613000877640 /* ScheduleViewModel.swift in Sources */,
				B0F837BE2525DECD008F08C3 /* UIDatePicker.swift in Sources */,
				B04CBDF0251C66020092D49F /* Customer.swift in Sources */,
				B06B06F32526BB98002762B4 /* DetailBodyTableViewCell.swift in Sources */,
				B06B06F92526DAC3002762B4 /* DetailHistoryViewModel.swift in Sources */,
				B0C3AF672512059B00959BDD /* LoginViewController.swift in Sources */,
				B06B06E82526BB81002762B4 /* DetailCellHistoryTableViewCell.swift in Sources */,
				B06B766E252F217B00D6F5D2 /* BookingPitch.swift in Sources */,
				B0FFBAF32535A69E00E89E05 /* CustomHeaderViewModel.swift in Sources */,
				B00B7D8C252AC5BA007BC7E0 /* FavouritesTableViewCell.swift in Sources */,
				B0DD24A8252B0CEC00F02015 /* ListPitchViewController.swift in Sources */,
				B0C5386B252AA9B600D707EE /* TabbarController.swift in Sources */,
				B0F8379525245FA6008F08C3 /* APIError.swift in Sources */,
				B00B7D91252ADE07007BC7E0 /* FavouriteViewModel.swift in Sources */,
				B06B06E52526BB51002762B4 /* DetailViewModel.swift in Sources */,
				B064EC132533E7A500D98FCF /* ScheduleCellModel.swift in Sources */,
				B06B06F72526CE29002762B4 /* DetailInforCellViewModel.swift in Sources */,
				B0F837A1252461CF008F08C3 /* UITextFieldExt.swift in Sources */,
				B0F837AA252570C3008F08C3 /* DateExt.swift in Sources */,
			);
			runOnlyForDeploymentPostprocessing = 0;
		};
		0EBA37212511C6C7003465DD /* Sources */ = {
			isa = PBXSourcesBuildPhase;
			buildActionMask = 2147483647;
			files = (
				0EBA372A2511C6C7003465DD /* FinalProjectTests.swift in Sources */,
			);
			runOnlyForDeploymentPostprocessing = 0;
		};
/* End PBXSourcesBuildPhase section */

/* Begin PBXTargetDependency section */
		0EBA37272511C6C7003465DD /* PBXTargetDependency */ = {
			isa = PBXTargetDependency;
			target = 0EBA370E2511C6C2003465DD /* FinalProject */;
			targetProxy = 0EBA37262511C6C7003465DD /* PBXContainerItemProxy */;
		};
/* End PBXTargetDependency section */

/* Begin XCBuildConfiguration section */
		0EBA372C2511C6C7003465DD /* Debug */ = {
			isa = XCBuildConfiguration;
			buildSettings = {
				ALWAYS_SEARCH_USER_PATHS = NO;
				CLANG_ANALYZER_NONNULL = YES;
				CLANG_ANALYZER_NUMBER_OBJECT_CONVERSION = YES_AGGRESSIVE;
				CLANG_CXX_LANGUAGE_STANDARD = "gnu++14";
				CLANG_CXX_LIBRARY = "libc++";
				CLANG_ENABLE_MODULES = YES;
				CLANG_ENABLE_OBJC_ARC = YES;
				CLANG_ENABLE_OBJC_WEAK = YES;
				CLANG_WARN_BLOCK_CAPTURE_AUTORELEASING = YES;
				CLANG_WARN_BOOL_CONVERSION = YES;
				CLANG_WARN_COMMA = YES;
				CLANG_WARN_CONSTANT_CONVERSION = YES;
				CLANG_WARN_DEPRECATED_OBJC_IMPLEMENTATIONS = YES;
				CLANG_WARN_DIRECT_OBJC_ISA_USAGE = YES_ERROR;
				CLANG_WARN_DOCUMENTATION_COMMENTS = YES;
				CLANG_WARN_EMPTY_BODY = YES;
				CLANG_WARN_ENUM_CONVERSION = YES;
				CLANG_WARN_INFINITE_RECURSION = YES;
				CLANG_WARN_INT_CONVERSION = YES;
				CLANG_WARN_NON_LITERAL_NULL_CONVERSION = YES;
				CLANG_WARN_OBJC_IMPLICIT_RETAIN_SELF = YES;
				CLANG_WARN_OBJC_LITERAL_CONVERSION = YES;
				CLANG_WARN_OBJC_ROOT_CLASS = YES_ERROR;
				CLANG_WARN_RANGE_LOOP_ANALYSIS = YES;
				CLANG_WARN_STRICT_PROTOTYPES = YES;
				CLANG_WARN_SUSPICIOUS_MOVE = YES;
				CLANG_WARN_UNGUARDED_AVAILABILITY = YES_AGGRESSIVE;
				CLANG_WARN_UNREACHABLE_CODE = YES;
				CLANG_WARN__DUPLICATE_METHOD_MATCH = YES;
				COPY_PHASE_STRIP = NO;
				DEBUG_INFORMATION_FORMAT = dwarf;
				ENABLE_STRICT_OBJC_MSGSEND = YES;
				ENABLE_TESTABILITY = YES;
				GCC_C_LANGUAGE_STANDARD = gnu11;
				GCC_DYNAMIC_NO_PIC = NO;
				GCC_NO_COMMON_BLOCKS = YES;
				GCC_OPTIMIZATION_LEVEL = 0;
				GCC_PREPROCESSOR_DEFINITIONS = (
					"DEBUG=1",
					"$(inherited)",
				);
				GCC_WARN_64_TO_32_BIT_CONVERSION = YES;
				GCC_WARN_ABOUT_RETURN_TYPE = YES_ERROR;
				GCC_WARN_UNDECLARED_SELECTOR = YES;
				GCC_WARN_UNINITIALIZED_AUTOS = YES_AGGRESSIVE;
				GCC_WARN_UNUSED_FUNCTION = YES;
				GCC_WARN_UNUSED_VARIABLE = YES;
				IPHONEOS_DEPLOYMENT_TARGET = 13.6;
				MTL_ENABLE_DEBUG_INFO = INCLUDE_SOURCE;
				MTL_FAST_MATH = YES;
				ONLY_ACTIVE_ARCH = YES;
				SDKROOT = iphoneos;
				SWIFT_ACTIVE_COMPILATION_CONDITIONS = DEBUG;
				SWIFT_OPTIMIZATION_LEVEL = "-Onone";
			};
			name = Debug;
		};
		0EBA372D2511C6C7003465DD /* Release */ = {
			isa = XCBuildConfiguration;
			buildSettings = {
				ALWAYS_SEARCH_USER_PATHS = NO;
				CLANG_ANALYZER_NONNULL = YES;
				CLANG_ANALYZER_NUMBER_OBJECT_CONVERSION = YES_AGGRESSIVE;
				CLANG_CXX_LANGUAGE_STANDARD = "gnu++14";
				CLANG_CXX_LIBRARY = "libc++";
				CLANG_ENABLE_MODULES = YES;
				CLANG_ENABLE_OBJC_ARC = YES;
				CLANG_ENABLE_OBJC_WEAK = YES;
				CLANG_WARN_BLOCK_CAPTURE_AUTORELEASING = YES;
				CLANG_WARN_BOOL_CONVERSION = YES;
				CLANG_WARN_COMMA = YES;
				CLANG_WARN_CONSTANT_CONVERSION = YES;
				CLANG_WARN_DEPRECATED_OBJC_IMPLEMENTATIONS = YES;
				CLANG_WARN_DIRECT_OBJC_ISA_USAGE = YES_ERROR;
				CLANG_WARN_DOCUMENTATION_COMMENTS = YES;
				CLANG_WARN_EMPTY_BODY = YES;
				CLANG_WARN_ENUM_CONVERSION = YES;
				CLANG_WARN_INFINITE_RECURSION = YES;
				CLANG_WARN_INT_CONVERSION = YES;
				CLANG_WARN_NON_LITERAL_NULL_CONVERSION = YES;
				CLANG_WARN_OBJC_IMPLICIT_RETAIN_SELF = YES;
				CLANG_WARN_OBJC_LITERAL_CONVERSION = YES;
				CLANG_WARN_OBJC_ROOT_CLASS = YES_ERROR;
				CLANG_WARN_RANGE_LOOP_ANALYSIS = YES;
				CLANG_WARN_STRICT_PROTOTYPES = YES;
				CLANG_WARN_SUSPICIOUS_MOVE = YES;
				CLANG_WARN_UNGUARDED_AVAILABILITY = YES_AGGRESSIVE;
				CLANG_WARN_UNREACHABLE_CODE = YES;
				CLANG_WARN__DUPLICATE_METHOD_MATCH = YES;
				COPY_PHASE_STRIP = NO;
				DEBUG_INFORMATION_FORMAT = "dwarf-with-dsym";
				ENABLE_NS_ASSERTIONS = NO;
				ENABLE_STRICT_OBJC_MSGSEND = YES;
				GCC_C_LANGUAGE_STANDARD = gnu11;
				GCC_NO_COMMON_BLOCKS = YES;
				GCC_WARN_64_TO_32_BIT_CONVERSION = YES;
				GCC_WARN_ABOUT_RETURN_TYPE = YES_ERROR;
				GCC_WARN_UNDECLARED_SELECTOR = YES;
				GCC_WARN_UNINITIALIZED_AUTOS = YES_AGGRESSIVE;
				GCC_WARN_UNUSED_FUNCTION = YES;
				GCC_WARN_UNUSED_VARIABLE = YES;
				IPHONEOS_DEPLOYMENT_TARGET = 13.6;
				MTL_ENABLE_DEBUG_INFO = NO;
				MTL_FAST_MATH = YES;
				SDKROOT = iphoneos;
				SWIFT_COMPILATION_MODE = wholemodule;
				SWIFT_OPTIMIZATION_LEVEL = "-O";
				VALIDATE_PRODUCT = YES;
			};
			name = Release;
		};
		0EBA372F2511C6C7003465DD /* Debug */ = {
			isa = XCBuildConfiguration;
			baseConfigurationReference = C61BA4D4E75E02FEDB8CFD8C /* Pods-FinalProject.debug.xcconfig */;
			buildSettings = {
				ASSETCATALOG_COMPILER_APPICON_NAME = AppIcon;
				CODE_SIGN_STYLE = Automatic;
				DEVELOPMENT_TEAM = 7QAVMNKXN5;
				INFOPLIST_FILE = FinalProject/Supports/Info.plist;
				IPHONEOS_DEPLOYMENT_TARGET = 13.0;
				LD_RUNPATH_SEARCH_PATHS = (
					"$(inherited)",
					"@executable_path/Frameworks",
				);
				PRODUCT_BUNDLE_IDENTIFIER = vn.asiantech.FinalProject;
				PRODUCT_NAME = "$(TARGET_NAME)";
				SWIFT_VERSION = 5.0;
				TARGETED_DEVICE_FAMILY = "1,2";
			};
			name = Debug;
		};
		0EBA37302511C6C7003465DD /* Release */ = {
			isa = XCBuildConfiguration;
			baseConfigurationReference = 391A5D39A43E14B65F958E48 /* Pods-FinalProject.release.xcconfig */;
			buildSettings = {
				ASSETCATALOG_COMPILER_APPICON_NAME = AppIcon;
				CODE_SIGN_STYLE = Automatic;
				DEVELOPMENT_TEAM = 7QAVMNKXN5;
				INFOPLIST_FILE = FinalProject/Supports/Info.plist;
				IPHONEOS_DEPLOYMENT_TARGET = 13.0;
				LD_RUNPATH_SEARCH_PATHS = (
					"$(inherited)",
					"@executable_path/Frameworks",
				);
				PRODUCT_BUNDLE_IDENTIFIER = vn.asiantech.FinalProject;
				PRODUCT_NAME = "$(TARGET_NAME)";
				SWIFT_VERSION = 5.0;
				TARGETED_DEVICE_FAMILY = "1,2";
			};
			name = Release;
		};
		0EBA37322511C6C7003465DD /* Debug */ = {
			isa = XCBuildConfiguration;
			baseConfigurationReference = DC6FCCB45635B0CBA560C1F7 /* Pods-FinalProjectTests.debug.xcconfig */;
			buildSettings = {
				ALWAYS_EMBED_SWIFT_STANDARD_LIBRARIES = YES;
				BUNDLE_LOADER = "$(TEST_HOST)";
				CODE_SIGN_STYLE = Automatic;
				INFOPLIST_FILE = FinalProjectTests/Info.plist;
				IPHONEOS_DEPLOYMENT_TARGET = 13.5;
				LD_RUNPATH_SEARCH_PATHS = (
					"$(inherited)",
					"@executable_path/Frameworks",
					"@loader_path/Frameworks",
				);
				PRODUCT_BUNDLE_IDENTIFIER = vn.asiantech.FinalProjectTests;
				PRODUCT_NAME = "$(TARGET_NAME)";
				SWIFT_VERSION = 5.0;
				TARGETED_DEVICE_FAMILY = "1,2";
				TEST_HOST = "$(BUILT_PRODUCTS_DIR)/FinalProject.app/FinalProject";
			};
			name = Debug;
		};
		0EBA37332511C6C7003465DD /* Release */ = {
			isa = XCBuildConfiguration;
			baseConfigurationReference = 190CCEB5FF1CB2E699E553AC /* Pods-FinalProjectTests.release.xcconfig */;
			buildSettings = {
				ALWAYS_EMBED_SWIFT_STANDARD_LIBRARIES = YES;
				BUNDLE_LOADER = "$(TEST_HOST)";
				CODE_SIGN_STYLE = Automatic;
				INFOPLIST_FILE = FinalProjectTests/Info.plist;
				IPHONEOS_DEPLOYMENT_TARGET = 13.5;
				LD_RUNPATH_SEARCH_PATHS = (
					"$(inherited)",
					"@executable_path/Frameworks",
					"@loader_path/Frameworks",
				);
				PRODUCT_BUNDLE_IDENTIFIER = vn.asiantech.FinalProjectTests;
				PRODUCT_NAME = "$(TARGET_NAME)";
				SWIFT_VERSION = 5.0;
				TARGETED_DEVICE_FAMILY = "1,2";
				TEST_HOST = "$(BUILT_PRODUCTS_DIR)/FinalProject.app/FinalProject";
			};
			name = Release;
		};
/* End XCBuildConfiguration section */

/* Begin XCConfigurationList section */
		0EBA370A2511C6C2003465DD /* Build configuration list for PBXProject "FinalProject" */ = {
			isa = XCConfigurationList;
			buildConfigurations = (
				0EBA372C2511C6C7003465DD /* Debug */,
				0EBA372D2511C6C7003465DD /* Release */,
			);
			defaultConfigurationIsVisible = 0;
			defaultConfigurationName = Release;
		};
		0EBA372E2511C6C7003465DD /* Build configuration list for PBXNativeTarget "FinalProject" */ = {
			isa = XCConfigurationList;
			buildConfigurations = (
				0EBA372F2511C6C7003465DD /* Debug */,
				0EBA37302511C6C7003465DD /* Release */,
			);
			defaultConfigurationIsVisible = 0;
			defaultConfigurationName = Release;
		};
		0EBA37312511C6C7003465DD /* Build configuration list for PBXNativeTarget "FinalProjectTests" */ = {
			isa = XCConfigurationList;
			buildConfigurations = (
				0EBA37322511C6C7003465DD /* Debug */,
				0EBA37332511C6C7003465DD /* Release */,
			);
			defaultConfigurationIsVisible = 0;
			defaultConfigurationName = Release;
		};
/* End XCConfigurationList section */
	};
	rootObject = 0EBA37072511C6C2003465DD /* Project object */;
}
